
Microsoft Visual Studio Solution File, Format Version 12.00
# Visual Studio 14
VisualStudioVersion = 14.0.25123.0
MinimumVisualStudioVersion = 10.0.40219.1
Project("{FAE04EC0-301F-11D3-BF4B-00C04F79EFBC}") = "Runner", "Runner\Runner.csproj", "{79B433A7-9053-40EB-B867-3FEC78CF4D36}"
EndProject
Project("{FAE04EC0-301F-11D3-BF4B-00C04F79EFBC}") = "DesignPatterns.Interpreter", "DesignPatterns.Interpreter\DesignPatterns.Interpreter.csproj", "{ABBC67B2-D7D5-45E2-BC5C-0207F56263A2}"
EndProject
Global
	GlobalSection(SolutionConfigurationPlatforms) = preSolution
		Debug|Any CPU = Debug|Any CPU
		Release|Any CPU = Release|Any CPU
	EndGlobalSection
	GlobalSection(ProjectConfigurationPlatforms) = postSolution
		{79B433A7-9053-40EB-B867-3FEC78CF4D36}.Debug|Any CPU.ActiveCfg = Debug|Any CPU
		{79B433A7-9053-40EB-B867-3FEC78CF4D36}.Debug|Any CPU.Build.0 = Debug|Any CPU
		{79B433A7-9053-40EB-B867-3FEC78CF4D36}.Release|Any CPU.ActiveCfg = Release|Any CPU
		{79B433A7-9053-40EB-B867-3FEC78CF4D36}.Release|Any CPU.Build.0 = Release|Any CPU
		{ABBC67B2-D7D5-45E2-BC5C-0207F56263A2}.Debug|Any CPU.ActiveCfg = Debug|Any CPU
		{ABBC67B2-D7D5-45E2-BC5C-0207F56263A2}.Debug|Any CPU.Build.0 = Debug|Any CPU
		{ABBC67B2-D7D5-45E2-BC5C-0207F56263A2}.Release|Any CPU.ActiveCfg = Release|Any CPU
		{ABBC67B2-D7D5-45E2-BC5C-0207F56263A2}.Release|Any CPU.Build.0 = Release|Any CPU
	EndGlobalSection
	GlobalSection(SolutionProperties) = preSolution
		HideSolutionNode = FALSE
	EndGlobalSection
EndGlobal
